
Microsoft Visual Studio Solution File, Format Version 12.00
# Visual Studio Version 16
VisualStudioVersion = 16.0.31424.327
MinimumVisualStudioVersion = 10.0.40219.1
Project("{FAE04EC0-301F-11D3-BF4B-00C04F79EFBC}") = "JokesWebApp", "JokesWebApp\JokesWebApp.csproj", "{AB5F8095-C61F-4163-B19E-9DC676C45783}"
EndProject
Global
	GlobalSection(SolutionConfigurationPlatforms) = preSolution
		Debug|Any CPU = Debug|Any CPU
		Release|Any CPU = Release|Any CPU
	EndGlobalSection
	GlobalSection(ProjectConfigurationPlatforms) = postSolution
		{AB5F8095-C61F-4163-B19E-9DC676C45783}.Debug|Any CPU.ActiveCfg = Debug|Any CPU
		{AB5F8095-C61F-4163-B19E-9DC676C45783}.Debug|Any CPU.Build.0 = Debug|Any CPU
		{AB5F8095-C61F-4163-B19E-9DC676C45783}.Release|Any CPU.ActiveCfg = Release|Any CPU
		{AB5F8095-C61F-4163-B19E-9DC676C45783}.Release|Any CPU.Build.0 = Release|Any CPU
	EndGlobalSection
	GlobalSection(SolutionProperties) = preSolution
		HideSolutionNode = FALSE
	EndGlobalSection
	GlobalSection(ExtensibilityGlobals) = postSolution
		SolutionGuid = {3350A6EC-0D8E-4AAB-A4BE-063AC3CFFCDC}
	EndGlobalSection
EndGlobal
